
Microsoft Visual Studio Solution File, Format Version 12.00
# Visual Studio Version 17
VisualStudioVersion = 17.9.34616.47
MinimumVisualStudioVersion = 10.0.40219.1
Project("{FAE04EC0-301F-11D3-BF4B-00C04F79EFBC}") = "TasksAPI", "TaksAPI\TasksAPI.csproj", "{9982B939-3EFA-492B-B502-9399C1EC9ABB}"
EndProject
Global
	GlobalSection(SolutionConfigurationPlatforms) = preSolution
		Debug|Any CPU = Debug|Any CPU
		Release|Any CPU = Release|Any CPU
	EndGlobalSection
	GlobalSection(ProjectConfigurationPlatforms) = postSolution
		{9982B939-3EFA-492B-B502-9399C1EC9ABB}.Debug|Any CPU.ActiveCfg = Debug|Any CPU
		{9982B939-3EFA-492B-B502-9399C1EC9ABB}.Debug|Any CPU.Build.0 = Debug|Any CPU
		{9982B939-3EFA-492B-B502-9399C1EC9ABB}.Release|Any CPU.ActiveCfg = Release|Any CPU
		{9982B939-3EFA-492B-B502-9399C1EC9ABB}.Release|Any CPU.Build.0 = Release|Any CPU
	EndGlobalSection
	GlobalSection(SolutionProperties) = preSolution
		HideSolutionNode = FALSE
	EndGlobalSection
	GlobalSection(ExtensibilityGlobals) = postSolution
		SolutionGuid = {DA7B3528-F50D-40C7-B32E-55E41066F90D}
	EndGlobalSection
EndGlobal
